Microsoft Visual Studio Solution File, Format Version 12.00
# Visual Studio Version 17
VisualStudioVersion = 17.5.2.0
MinimumVisualStudioVersion = 10.0.40219.1
Project("{FAE04EC0-301F-11D3-BF4B-00C04F79EFBC}") = "IsaacAPI", "IsaacAPI.csproj", "{AEBA0DFD-DFD6-555E-84C2-1E5E3057AC4F}"
EndProject
Global
	GlobalSection(SolutionConfigurationPlatforms) = preSolution
		Debug|Any CPU = Debug|Any CPU
		Release|Any CPU = Release|Any CPU
	EndGlobalSection
	GlobalSection(ProjectConfigurationPlatforms) = postSolution
		{AEBA0DFD-DFD6-555E-84C2-1E5E3057AC4F}.Debug|Any CPU.ActiveCfg = Debug|Any CPU
		{AEBA0DFD-DFD6-555E-84C2-1E5E3057AC4F}.Debug|Any CPU.Build.0 = Debug|Any CPU
		{AEBA0DFD-DFD6-555E-84C2-1E5E3057AC4F}.Release|Any CPU.ActiveCfg = Release|Any CPU
		{AEBA0DFD-DFD6-555E-84C2-1E5E3057AC4F}.Release|Any CPU.Build.0 = Release|Any CPU
	EndGlobalSection
	GlobalSection(SolutionProperties) = preSolution
		HideSolutionNode = FALSE
	EndGlobalSection
	GlobalSection(ExtensibilityGlobals) = postSolution
		SolutionGuid = {3CE4A555-094D-484E-AC7A-347C60FB6652}
	EndGlobalSection
EndGlobal
